Microsoft Visual Studio Solution File, Format Version 11.00
# Visual Studio 2008

Project("{733A2F06-0E11-2D63-CBB8-8DA8154CE3BC}") = "Queer_doom", "Assembly-CSharp-firstpass.csproj", "{BF1059FE-C026-615B-2D5E-83284740CAB8}"
EndProject
Project("{733A2F06-0E11-2D63-CBB8-8DA8154CE3BC}") = "Queer_doom", "Assembly-CSharp.csproj", "{B860285D-91A5-DC47-BD5F-6DA7990F5C36}"
EndProject
Project("{733A2F06-0E11-2D63-CBB8-8DA8154CE3BC}") = "Queer_doom", "Assembly-CSharp-Editor.csproj", "{154E34A2-EBF4-926D-6EBE-A02613B5660F}"
EndProject
Project("{733A2F06-0E11-2D63-CBB8-8DA8154CE3BC}") = "Queer_doom", "Assembly-UnityScript-firstpass.unityproj", "{52BA6BCA-F555-CE85-EE3A-6795E2ABF665}"
EndProject
Project("{733A2F06-0E11-2D63-CBB8-8DA8154CE3BC}") = "Queer_doom", "Assembly-UnityScript.unityproj", "{C83A418E-0F61-4AA2-A095-46061AC1136C}"
EndProject
Project("{733A2F06-0E11-2D63-CBB8-8DA8154CE3BC}") = "Queer_doom", "Assembly-UnityScript-Editor.unityproj", "{50D4B096-43B6-3EC6-59D4-86241534F339}"
EndProject
Global
	GlobalSection(SolutionConfigurationPlatforms) = preSolution
		Debug|Any CPU = Debug|Any CPU
		Release|Any CPU = Release|Any CPU
	EndGlobalSection
	GlobalSection(ProjectConfigurationPlatforms) = postSolution
		{BF1059FE-C026-615B-2D5E-83284740CAB8}.Debug|Any CPU.ActiveCfg = Debug|Any CPU
		{BF1059FE-C026-615B-2D5E-83284740CAB8}.Debug|Any CPU.Build.0 = Debug|Any CPU
		{BF1059FE-C026-615B-2D5E-83284740CAB8}.Release|Any CPU.ActiveCfg = Release|Any CPU
		{BF1059FE-C026-615B-2D5E-83284740CAB8}.Release|Any CPU.Build.0 = Release|Any CPU
		{B860285D-91A5-DC47-BD5F-6DA7990F5C36}.Debug|Any CPU.ActiveCfg = Debug|Any CPU
		{B860285D-91A5-DC47-BD5F-6DA7990F5C36}.Debug|Any CPU.Build.0 = Debug|Any CPU
		{B860285D-91A5-DC47-BD5F-6DA7990F5C36}.Release|Any CPU.ActiveCfg = Release|Any CPU
		{B860285D-91A5-DC47-BD5F-6DA7990F5C36}.Release|Any CPU.Build.0 = Release|Any CPU
		{154E34A2-EBF4-926D-6EBE-A02613B5660F}.Debug|Any CPU.ActiveCfg = Debug|Any CPU
		{154E34A2-EBF4-926D-6EBE-A02613B5660F}.Debug|Any CPU.Build.0 = Debug|Any CPU
		{154E34A2-EBF4-926D-6EBE-A02613B5660F}.Release|Any CPU.ActiveCfg = Release|Any CPU
		{154E34A2-EBF4-926D-6EBE-A02613B5660F}.Release|Any CPU.Build.0 = Release|Any CPU
		{52BA6BCA-F555-CE85-EE3A-6795E2ABF665}.Debug|Any CPU.ActiveCfg = Debug|Any CPU
		{52BA6BCA-F555-CE85-EE3A-6795E2ABF665}.Debug|Any CPU.Build.0 = Debug|Any CPU
		{52BA6BCA-F555-CE85-EE3A-6795E2ABF665}.Release|Any CPU.ActiveCfg = Release|Any CPU
		{52BA6BCA-F555-CE85-EE3A-6795E2ABF665}.Release|Any CPU.Build.0 = Release|Any CPU
		{C83A418E-0F61-4AA2-A095-46061AC1136C}.Debug|Any CPU.ActiveCfg = Debug|Any CPU
		{C83A418E-0F61-4AA2-A095-46061AC1136C}.Debug|Any CPU.Build.0 = Debug|Any CPU
		{C83A418E-0F61-4AA2-A095-46061AC1136C}.Release|Any CPU.ActiveCfg = Release|Any CPU
		{C83A418E-0F61-4AA2-A095-46061AC1136C}.Release|Any CPU.Build.0 = Release|Any CPU
		{50D4B096-43B6-3EC6-59D4-86241534F339}.Debug|Any CPU.ActiveCfg = Debug|Any CPU
		{50D4B096-43B6-3EC6-59D4-86241534F339}.Debug|Any CPU.Build.0 = Debug|Any CPU
		{50D4B096-43B6-3EC6-59D4-86241534F339}.Release|Any CPU.ActiveCfg = Release|Any CPU
		{50D4B096-43B6-3EC6-59D4-86241534F339}.Release|Any CPU.Build.0 = Release|Any CPU
	EndGlobalSection
	GlobalSection(SolutionProperties) = preSolution
		HideSolutionNode = FALSE
	EndGlobalSection
																																																			GlobalSection(MonoDevelopProperties) = preSolution
		StartupItem = Assembly-CSharp.csproj
		Policies = $0
		$0.TextStylePolicy = $1
		$1.inheritsSet = null
		$1.scope = text/x-csharp
		$0.CSharpFormattingPolicy = $2
		$2.inheritsSet = Mono
		$2.inheritsScope = text/x-csharp
		$2.scope = text/x-csharp
		$0.TextStylePolicy = $3
		$3.FileWidth = 120
		$3.TabWidth = 4
		$3.EolMarker = Unix
		$3.inheritsSet = Mono
		$3.inheritsScope = text/plain
		$3.scope = text/plain
	EndGlobalSection

EndGlobal
